
Microsoft Visual Studio Solution File, Format Version 11.00
# Visual Studio 2010
Project("{FAE04EC0-301F-11D3-BF4B-00C04F79EFBC}") = "Assembly-CSharp", "Assembly-CSharp.csproj", "{db4afa64-1699-d179-dc3b-48c34bb8ac69}"
EndProject
Project("{FAE04EC0-301F-11D3-BF4B-00C04F79EFBC}") = "Assembly-CSharp-firstpass", "Assembly-CSharp-firstpass.csproj", "{ee81418e-80ea-e809-bf1f-d6bd6537e6f5}"
EndProject
Project("{FAE04EC0-301F-11D3-BF4B-00C04F79EFBC}") = "VFavorites", "VFavorites.csproj", "{4c7ce135-995e-779c-3aee-fc4289dbe4d5}"
EndProject
Project("{FAE04EC0-301F-11D3-BF4B-00C04F79EFBC}") = "Assembly-CSharp-Editor-firstpass", "Assembly-CSharp-Editor-firstpass.csproj", "{5187a00b-bcb2-789a-9312-07f08f11c973}"
EndProject
Project("{FAE04EC0-301F-11D3-BF4B-00C04F79EFBC}") = "Sirenix.OdinInspector.Modules.UnityMathematics", "Sirenix.OdinInspector.Modules.UnityMathematics.csproj", "{1f1a3781-7b2b-9b7d-56e5-8f7a0d1ffe42}"
EndProject
Global
	GlobalSection(SolutionConfigurationPlatforms) = preSolution
		Debug|Any CPU = Debug|Any CPU
	EndGlobalSection
	GlobalSection(ProjectConfigurationPlatforms) = postSolution
		{db4afa64-1699-d179-dc3b-48c34bb8ac69}.Debug|Any CPU.ActiveCfg = Debug|Any CPU
		{db4afa64-1699-d179-dc3b-48c34bb8ac69}.Debug|Any CPU.Build.0 = Debug|Any CPU
		{ee81418e-80ea-e809-bf1f-d6bd6537e6f5}.Debug|Any CPU.ActiveCfg = Debug|Any CPU
		{ee81418e-80ea-e809-bf1f-d6bd6537e6f5}.Debug|Any CPU.Build.0 = Debug|Any CPU
		{4c7ce135-995e-779c-3aee-fc4289dbe4d5}.Debug|Any CPU.ActiveCfg = Debug|Any CPU
		{4c7ce135-995e-779c-3aee-fc4289dbe4d5}.Debug|Any CPU.Build.0 = Debug|Any CPU
		{5187a00b-bcb2-789a-9312-07f08f11c973}.Debug|Any CPU.ActiveCfg = Debug|Any CPU
		{5187a00b-bcb2-789a-9312-07f08f11c973}.Debug|Any CPU.Build.0 = Debug|Any CPU
		{1f1a3781-7b2b-9b7d-56e5-8f7a0d1ffe42}.Debug|Any CPU.ActiveCfg = Debug|Any CPU
		{1f1a3781-7b2b-9b7d-56e5-8f7a0d1ffe42}.Debug|Any CPU.Build.0 = Debug|Any CPU
	EndGlobalSection
	GlobalSection(SolutionProperties) = preSolution
		HideSolutionNode = FALSE
	EndGlobalSection
EndGlobal
